// !$*UTF8*$!
{
	archiveVersion = 1;
	classes = {
	};
	objectVersion = 51;
	objects = {

/* Begin PBXBuildFile section */
		1825C87626285BD1001C0FB3 /* AnaNavigationController.swift in Sources */ = {isa = PBXBuildFile; fileRef = 1825C87526285BD1001C0FB3 /* AnaNavigationController.swift */; };
		1825C87F26285C05001C0FB3 /* UIViewController+Addition.swift in Sources */ = {isa = PBXBuildFile; fileRef = 1825C87B26285C05001C0FB3 /* UIViewController+Addition.swift */; };
		1825C88026285C05001C0FB3 /* UIView+Addition.swift in Sources */ = {isa = PBXBuildFile; fileRef = 1825C87C26285C05001C0FB3 /* UIView+Addition.swift */; };
		1825C88126285C05001C0FB3 /* UIImage+Additon.swift in Sources */ = {isa = PBXBuildFile; fileRef = 1825C87D26285C05001C0FB3 /* UIImage+Additon.swift */; };
		1825C88226285C05001C0FB3 /* UIColor+Addition.swift in Sources */ = {isa = PBXBuildFile; fileRef = 1825C87E26285C05001C0FB3 /* UIColor+Addition.swift */; };
		1825C88826285C33001C0FB3 /* Iconfont.swift in Sources */ = {isa = PBXBuildFile; fileRef = 1825C88726285C33001C0FB3 /* Iconfont.swift */; };
		1825C88E26285C5B001C0FB3 /* iconfont.ttf in Resources */ = {isa = PBXBuildFile; fileRef = 1825C88D26285C5B001C0FB3 /* iconfont.ttf */; };
		1825C89926285D32001C0FB3 /* AnaLargeTitleViewController.swift in Sources */ = {isa = PBXBuildFile; fileRef = 1825C89526285D32001C0FB3 /* AnaLargeTitleViewController.swift */; };
		1825C89A26285D32001C0FB3 /* AnaTabBar.swift in Sources */ = {isa = PBXBuildFile; fileRef = 1825C89626285D32001C0FB3 /* AnaTabBar.swift */; };
		1825C89B26285D32001C0FB3 /* AnaTabBarController.swift in Sources */ = {isa = PBXBuildFile; fileRef = 1825C89726285D32001C0FB3 /* AnaTabBarController.swift */; };
		1825C89C26285D32001C0FB3 /* AnaLargeTitleTableViewController.swift in Sources */ = {isa = PBXBuildFile; fileRef = 1825C89826285D32001C0FB3 /* AnaLargeTitleTableViewController.swift */; };
		1825C8A1262860C0001C0FB3 /* FeedbackManager.swift in Sources */ = {isa = PBXBuildFile; fileRef = 1825C8A0262860C0001C0FB3 /* FeedbackManager.swift */; };
		1825C8A726286158001C0FB3 /* RecordViewController.swift in Sources */ = {isa = PBXBuildFile; fileRef = 1825C8A626286158001C0FB3 /* RecordViewController.swift */; };
		1825C8AF26286E09001C0FB3 /* RippleAnimationView.swift in Sources */ = {isa = PBXBuildFile; fileRef = 1825C8AE26286E09001C0FB3 /* RippleAnimationView.swift */; };
		1825C8B42628D431001C0FB3 /* Poppins-Light.ttf in Resources */ = {isa = PBXBuildFile; fileRef = 1825C8B32628D431001C0FB3 /* Poppins-Light.ttf */; };
		1825C8B92628D9ED001C0FB3 /* Poppins-SemiBold.ttf in Resources */ = {isa = PBXBuildFile; fileRef = 1825C8B82628D9ED001C0FB3 /* Poppins-SemiBold.ttf */; };
		1825C8BE2628DB90001C0FB3 /* RecordManager.swift in Sources */ = {isa = PBXBuildFile; fileRef = 1825C8BD2628DB90001C0FB3 /* RecordManager.swift */; };
		1825C8C8262994A1001C0FB3 /* DetailViewController.swift in Sources */ = {isa = PBXBuildFile; fileRef = 1825C8C7262994A1001C0FB3 /* DetailViewController.swift */; };
		1825C8E82629C0A8001C0FB3 /* PlayerManager.swift in Sources */ = {isa = PBXBuildFile; fileRef = 1825C8E72629C0A8001C0FB3 /* PlayerManager.swift */; };
		1825C8F02629D09B001C0FB3 /* String+Addition.swift in Sources */ = {isa = PBXBuildFile; fileRef = 1825C8EF2629D09B001C0FB3 /* String+Addition.swift */; };
		1825C8F6262D7D6C001C0FB3 /* DbManager.swift in Sources */ = {isa = PBXBuildFile; fileRef = 1825C8F5262D7D6C001C0FB3 /* DbManager.swift */; };
		1825C909262D7EDD001C0FB3 /* DbRecordModel.swift in Sources */ = {isa = PBXBuildFile; fileRef = 1825C908262D7EDD001C0FB3 /* DbRecordModel.swift */; };
		1825C912262D8758001C0FB3 /* RecordingListViewController.swift in Sources */ = {isa = PBXBuildFile; fileRef = 1825C911262D8758001C0FB3 /* RecordingListViewController.swift */; };
		1825C917262D882B001C0FB3 /* RecordingTableViewCell.swift in Sources */ = {isa = PBXBuildFile; fileRef = 1825C916262D882B001C0FB3 /* RecordingTableViewCell.swift */; };
		1825C91D262D8D55001C0FB3 /* Inter-Regular.ttf in Resources */ = {isa = PBXBuildFile; fileRef = 1825C91C262D8D55001C0FB3 /* Inter-Regular.ttf */; };
		1825C931262D970A001C0FB3 /* NotificationName.swift in Sources */ = {isa = PBXBuildFile; fileRef = 1825C930262D970A001C0FB3 /* NotificationName.swift */; };
		1825C937262DA106001C0FB3 /* SettingViewController.swift in Sources */ = {isa = PBXBuildFile; fileRef = 1825C936262DA106001C0FB3 /* SettingViewController.swift */; };
		1825C93C262DA1BE001C0FB3 /* SettingItemView.swift in Sources */ = {isa = PBXBuildFile; fileRef = 1825C93B262DA1BE001C0FB3 /* SettingItemView.swift */; };
		1825C942262DE452001C0FB3 /* NameEditAlert.swift in Sources */ = {isa = PBXBuildFile; fileRef = 1825C941262DE452001C0FB3 /* NameEditAlert.swift */; };
		1825C94F262DE771001C0FB3 /* NBBasePopUpBox.swift in Sources */ = {isa = PBXBuildFile; fileRef = 1825C94A262DE770001C0FB3 /* NBBasePopUpBox.swift */; };
		1825C950262DE771001C0FB3 /* NBInAppPurchaseProtocol.swift in Sources */ = {isa = PBXBuildFile; fileRef = 1825C94B262DE770001C0FB3 /* NBInAppPurchaseProtocol.swift */; };
		1825C951262DE771001C0FB3 /* NBLoadingBox.swift in Sources */ = {isa = PBXBuildFile; fileRef = 1825C94C262DE771001C0FB3 /* NBLoadingBox.swift */; };
		1825C952262DE771001C0FB3 /* NBNewStoreManager.swift in Sources */ = {isa = PBXBuildFile; fileRef = 1825C94D262DE771001C0FB3 /* NBNewStoreManager.swift */; };
		1825C953262DE771001C0FB3 /* NBUserVipStatusManager.swift in Sources */ = {isa = PBXBuildFile; fileRef = 1825C94E262DE771001C0FB3 /* NBUserVipStatusManager.swift */; };
		1825C959262DE7AF001C0FB3 /* SubscriptionViewController.swift in Sources */ = {isa = PBXBuildFile; fileRef = 1825C958262DE7AF001C0FB3 /* SubscriptionViewController.swift */; };
		1825C976262DFAD5001C0FB3 /* Configuration.storekit in Resources */ = {isa = PBXBuildFile; fileRef = 1825C975262DFAD5001C0FB3 /* Configuration.storekit */; };
		1825C98626303E22001C0FB3 /* FavoriteViewController.swift in Sources */ = {isa = PBXBuildFile; fileRef = 1825C98526303E22001C0FB3 /* FavoriteViewController.swift */; };
		1825C98E26304481001C0FB3 /* LSImage.png in Resources */ = {isa = PBXBuildFile; fileRef = 1825C98D26304481001C0FB3 /* LSImage.png */; };
		1825C99626305532001C0FB3 /* BaseWebController.swift in Sources */ = {isa = PBXBuildFile; fileRef = 1825C99526305532001C0FB3 /* BaseWebController.swift */; };
		18301023267E20DE006A54B0 /* EventManager.swift in Sources */ = {isa = PBXBuildFile; fileRef = 18301022267E20DE006A54B0 /* EventManager.swift */; };
		1840ACDB26664B07006CC5FE /* GuideViewController.swift in Sources */ = {isa = PBXBuildFile; fileRef = 1840ACDA26664B07006CC5FE /* GuideViewController.swift */; };
		18D3309D26526EB000DFFFFF /* KickCounterViewController.swift in Sources */ = {isa = PBXBuildFile; fileRef = 18D3309C26526EB000DFFFFF /* KickCounterViewController.swift */; };
		18D330AB26527C7F00DFFFFF /* AddKickCounterViewController.swift in Sources */ = {isa = PBXBuildFile; fileRef = 18D330AA26527C7F00DFFFFF /* AddKickCounterViewController.swift */; };
		18D330AD2653841300DFFFFF /* DbKicksModel.swift in Sources */ = {isa = PBXBuildFile; fileRef = 18D330AC2653841300DFFFFF /* DbKicksModel.swift */; };
		18D330AF2653900000DFFFFF /* NBSharedTool.swift in Sources */ = {isa = PBXBuildFile; fileRef = 18D330AE2653900000DFFFFF /* NBSharedTool.swift */; };
		2AA03A87C31471ABCF75F182 /* Pods_HeartRecording.framework in Frameworks */ = {isa = PBXBuildFile; fileRef = 10A0A03456011A891D4C9651 /* Pods_HeartRecording.framework */; };
		6CD6CA13262771330099F063 /* AppDelegate.swift in Sources */ = {isa = PBXBuildFile; fileRef = 6CD6CA12262771330099F063 /* AppDelegate.swift */; };
		6CD6CA15262771330099F063 /* SceneDelegate.swift in Sources */ = {isa = PBXBuildFile; fileRef = 6CD6CA14262771330099F063 /* SceneDelegate.swift */; };
		6CD6CA1A262771330099F063 /* Main.storyboard in Resources */ = {isa = PBXBuildFile; fileRef = 6CD6CA18262771330099F063 /* Main.storyboard */; };
		6CD6CA1C262771350099F063 /* Assets.xcassets in Resources */ = {isa = PBXBuildFile; fileRef = 6CD6CA1B262771350099F063 /* Assets.xcassets */; };
		6CD6CA1F262771350099F063 /* LaunchScreen.storyboard in Resources */ = {isa = PBXBuildFile; fileRef = 6CD6CA1D262771350099F063 /* LaunchScreen.storyboard */; };
		6CD6CA2A262771350099F063 /* HeartRecordingTests.swift in Sources */ = {isa = PBXBuildFile; fileRef = 6CD6CA29262771350099F063 /* HeartRecordingTests.swift */; };
		6CD6CA35262771350099F063 /* HeartRecordingUITests.swift in Sources */ = {isa = PBXBuildFile; fileRef = 6CD6CA34262771350099F063 /* HeartRecordingUITests.swift */; };
/* End PBXBuildFile section */

/* Begin PBXContainerItemProxy section */
		6CD6CA26262771350099F063 /* PBXContainerItemProxy */ = {
			isa = PBXContainerItemProxy;
			containerPortal = 6CD6CA07262771330099F063 /* Project object */;
			proxyType = 1;
			remoteGlobalIDString = 6CD6CA0E262771330099F063;
			remoteInfo = HeartRecording;
		};
		6CD6CA31262771350099F063 /* PBXContainerItemProxy */ = {
			isa = PBXContainerItemProxy;
			containerPortal = 6CD6CA07262771330099F063 /* Project object */;
			proxyType = 1;
			remoteGlobalIDString = 6CD6CA0E262771330099F063;
			remoteInfo = HeartRecording;
		};
/* End PBXContainerItemProxy section */

/* Begin PBXFileReference section */
		10A0A03456011A891D4C9651 /* Pods_HeartRecording.framework */ = {isa = PBXFileReference; explicitFileType = wrapper.framework; includeInIndex = 0; path = Pods_HeartRecording.framework; sourceTree = BUILT_PRODUCTS_DIR; };
		1825C87526285BD1001C0FB3 /* AnaNavigationController.swift */ = {isa = PBXFileReference; fileEncoding = 4; lastKnownFileType = sourcecode.swift; path = AnaNavigationController.swift; sourceTree = "<group>"; };
		1825C87B26285C05001C0FB3 /* UIViewController+Addition.swift */ = {isa = PBXFileReference; fileEncoding = 4; lastKnownFileType = sourcecode.swift; path = "UIViewController+Addition.swift"; sourceTree = "<group>"; };
		1825C87C26285C05001C0FB3 /* UIView+Addition.swift */ = {isa = PBXFileReference; fileEncoding = 4; lastKnownFileType = sourcecode.swift; path = "UIView+Addition.swift"; sourceTree = "<group>"; };
		1825C87D26285C05001C0FB3 /* UIImage+Additon.swift */ = {isa = PBXFileReference; fileEncoding = 4; lastKnownFileType = sourcecode.swift; path = "UIImage+Additon.swift"; sourceTree = "<group>"; };
		1825C87E26285C05001C0FB3 /* UIColor+Addition.swift */ = {isa = PBXFileReference; fileEncoding = 4; lastKnownFileType = sourcecode.swift; path = "UIColor+Addition.swift"; sourceTree = "<group>"; };
		1825C88726285C33001C0FB3 /* Iconfont.swift */ = {isa = PBXFileReference; fileEncoding = 4; lastKnownFileType = sourcecode.swift; path = Iconfont.swift; sourceTree = "<group>"; };
		1825C88D26285C5B001C0FB3 /* iconfont.ttf */ = {isa = PBXFileReference; lastKnownFileType = file; path = iconfont.ttf; sourceTree = "<group>"; };
		1825C89526285D32001C0FB3 /* AnaLargeTitleViewController.swift */ = {isa = PBXFileReference; fileEncoding = 4; lastKnownFileType = sourcecode.swift; path = AnaLargeTitleViewController.swift; sourceTree = "<group>"; };
		1825C89626285D32001C0FB3 /* AnaTabBar.swift */ = {isa = PBXFileReference; fileEncoding = 4; lastKnownFileType = sourcecode.swift; path = AnaTabBar.swift; sourceTree = "<group>"; };
		1825C89726285D32001C0FB3 /* AnaTabBarController.swift */ = {isa = PBXFileReference; fileEncoding = 4; lastKnownFileType = sourcecode.swift; path = AnaTabBarController.swift; sourceTree = "<group>"; };
		1825C89826285D32001C0FB3 /* AnaLargeTitleTableViewController.swift */ = {isa = PBXFileReference; fileEncoding = 4; lastKnownFileType = sourcecode.swift; path = AnaLargeTitleTableViewController.swift; sourceTree = "<group>"; };
		1825C8A0262860C0001C0FB3 /* FeedbackManager.swift */ = {isa = PBXFileReference; fileEncoding = 4; lastKnownFileType = sourcecode.swift; path = FeedbackManager.swift; sourceTree = "<group>"; };
		1825C8A626286158001C0FB3 /* RecordViewController.swift */ = {isa = PBXFileReference; lastKnownFileType = sourcecode.swift; path = RecordViewController.swift; sourceTree = "<group>"; };
		1825C8AE26286E09001C0FB3 /* RippleAnimationView.swift */ = {isa = PBXFileReference; lastKnownFileType = sourcecode.swift; path = RippleAnimationView.swift; sourceTree = "<group>"; };
		1825C8B32628D431001C0FB3 /* Poppins-Light.ttf */ = {isa = PBXFileReference; lastKnownFileType = file; path = "Poppins-Light.ttf"; sourceTree = "<group>"; };
		1825C8B82628D9ED001C0FB3 /* Poppins-SemiBold.ttf */ = {isa = PBXFileReference; lastKnownFileType = file; path = "Poppins-SemiBold.ttf"; sourceTree = "<group>"; };
		1825C8BD2628DB90001C0FB3 /* RecordManager.swift */ = {isa = PBXFileReference; lastKnownFileType = sourcecode.swift; path = RecordManager.swift; sourceTree = "<group>"; };
		1825C8C7262994A1001C0FB3 /* DetailViewController.swift */ = {isa = PBXFileReference; lastKnownFileType = sourcecode.swift; path = DetailViewController.swift; sourceTree = "<group>"; };
		1825C8DD2629BA67001C0FB3 /* HeartRecording-Bridging-Header.h */ = {isa = PBXFileReference; lastKnownFileType = sourcecode.c.h; path = "HeartRecording-Bridging-Header.h"; sourceTree = "<group>"; };
		1825C8E72629C0A8001C0FB3 /* PlayerManager.swift */ = {isa = PBXFileReference; lastKnownFileType = sourcecode.swift; path = PlayerManager.swift; sourceTree = "<group>"; };
		1825C8EF2629D09B001C0FB3 /* String+Addition.swift */ = {isa = PBXFileReference; lastKnownFileType = sourcecode.swift; path = "String+Addition.swift"; sourceTree = "<group>"; };
		1825C8F5262D7D6C001C0FB3 /* DbManager.swift */ = {isa = PBXFileReference; lastKnownFileType = sourcecode.swift; path = DbManager.swift; sourceTree = "<group>"; };
		1825C908262D7EDD001C0FB3 /* DbRecordModel.swift */ = {isa = PBXFileReference; lastKnownFileType = sourcecode.swift; path = DbRecordModel.swift; sourceTree = "<group>"; };
		1825C911262D8758001C0FB3 /* RecordingListViewController.swift */ = {isa = PBXFileReference; lastKnownFileType = sourcecode.swift; path = RecordingListViewController.swift; sourceTree = "<group>"; };
		1825C916262D882B001C0FB3 /* RecordingTableViewCell.swift */ = {isa = PBXFileReference; lastKnownFileType = sourcecode.swift; path = RecordingTableViewCell.swift; sourceTree = "<group>"; };
		1825C91C262D8D55001C0FB3 /* Inter-Regular.ttf */ = {isa = PBXFileReference; lastKnownFileType = file; path = "Inter-Regular.ttf"; sourceTree = "<group>"; };
		1825C930262D970A001C0FB3 /* NotificationName.swift */ = {isa = PBXFileReference; lastKnownFileType = sourcecode.swift; path = NotificationName.swift; sourceTree = "<group>"; };
		1825C936262DA106001C0FB3 /* SettingViewController.swift */ = {isa = PBXFileReference; lastKnownFileType = sourcecode.swift; path = SettingViewController.swift; sourceTree = "<group>"; };
		1825C93B262DA1BE001C0FB3 /* SettingItemView.swift */ = {isa = PBXFileReference; lastKnownFileType = sourcecode.swift; path = SettingItemView.swift; sourceTree = "<group>"; };
		1825C941262DE452001C0FB3 /* NameEditAlert.swift */ = {isa = PBXFileReference; lastKnownFileType = sourcecode.swift; path = NameEditAlert.swift; sourceTree = "<group>"; };
		1825C94A262DE770001C0FB3 /* NBBasePopUpBox.swift */ = {isa = PBXFileReference; fileEncoding = 4; lastKnownFileType = sourcecode.swift; path = NBBasePopUpBox.swift; sourceTree = "<group>"; };
		1825C94B262DE770001C0FB3 /* NBInAppPurchaseProtocol.swift */ = {isa = PBXFileReference; fileEncoding = 4; lastKnownFileType = sourcecode.swift; path = NBInAppPurchaseProtocol.swift; sourceTree = "<group>"; };
		1825C94C262DE771001C0FB3 /* NBLoadingBox.swift */ = {isa = PBXFileReference; fileEncoding = 4; lastKnownFileType = sourcecode.swift; path = NBLoadingBox.swift; sourceTree = "<group>"; };
		1825C94D262DE771001C0FB3 /* NBNewStoreManager.swift */ = {isa = PBXFileReference; fileEncoding = 4; lastKnownFileType = sourcecode.swift; path = NBNewStoreManager.swift; sourceTree = "<group>"; };
		1825C94E262DE771001C0FB3 /* NBUserVipStatusManager.swift */ = {isa = PBXFileReference; fileEncoding = 4; lastKnownFileType = sourcecode.swift; path = NBUserVipStatusManager.swift; sourceTree = "<group>"; };
		1825C958262DE7AF001C0FB3 /* SubscriptionViewController.swift */ = {isa = PBXFileReference; lastKnownFileType = sourcecode.swift; path = SubscriptionViewController.swift; sourceTree = "<group>"; };
		1825C975262DFAD5001C0FB3 /* Configuration.storekit */ = {isa = PBXFileReference; lastKnownFileType = text; path = Configuration.storekit; sourceTree = "<group>"; };
		1825C98526303E22001C0FB3 /* FavoriteViewController.swift */ = {isa = PBXFileReference; lastKnownFileType = sourcecode.swift; path = FavoriteViewController.swift; sourceTree = "<group>"; };
		1825C98D26304481001C0FB3 /* LSImage.png */ = {isa = PBXFileReference; lastKnownFileType = image.png; path = LSImage.png; sourceTree = "<group>"; };
		1825C99526305532001C0FB3 /* BaseWebController.swift */ = {isa = PBXFileReference; fileEncoding = 4; lastKnownFileType = sourcecode.swift; path = BaseWebController.swift; sourceTree = "<group>"; };
		18301022267E20DE006A54B0 /* EventManager.swift */ = {isa = PBXFileReference; lastKnownFileType = sourcecode.swift; path = EventManager.swift; sourceTree = "<group>"; };
		1840ACDA26664B07006CC5FE /* GuideViewController.swift */ = {isa = PBXFileReference; lastKnownFileType = sourcecode.swift; path = GuideViewController.swift; sourceTree = "<group>"; };
		18D3309C26526EB000DFFFFF /* KickCounterViewController.swift */ = {isa = PBXFileReference; lastKnownFileType = sourcecode.swift; path = KickCounterViewController.swift; sourceTree = "<group>"; };
		18D330AA26527C7F00DFFFFF /* AddKickCounterViewController.swift */ = {isa = PBXFileReference; lastKnownFileType = sourcecode.swift; path = AddKickCounterViewController.swift; sourceTree = "<group>"; };
		18D330AC2653841300DFFFFF /* DbKicksModel.swift */ = {isa = PBXFileReference; lastKnownFileType = sourcecode.swift; path = DbKicksModel.swift; sourceTree = "<group>"; };
		18D330AE2653900000DFFFFF /* NBSharedTool.swift */ = {isa = PBXFileReference; fileEncoding = 4; lastKnownFileType = sourcecode.swift; path = NBSharedTool.swift; sourceTree = "<group>"; };
		4F0ADFA14A26D0B9EF8D696B /* Pods-HeartRecording.release.xcconfig */ = {isa = PBXFileReference; includeInIndex = 1; lastKnownFileType = text.xcconfig; name = "Pods-HeartRecording.release.xcconfig"; path = "Target Support Files/Pods-HeartRecording/Pods-HeartRecording.release.xcconfig"; sourceTree = "<group>"; };
		6CD6CA0F262771330099F063 /* HeartRecording.app */ = {isa = PBXFileReference; explicitFileType = wrapper.application; includeInIndex = 0; path = HeartRecording.app; sourceTree = BUILT_PRODUCTS_DIR; };
		6CD6CA12262771330099F063 /* AppDelegate.swift */ = {isa = PBXFileReference; lastKnownFileType = sourcecode.swift; path = AppDelegate.swift; sourceTree = "<group>"; };
		6CD6CA14262771330099F063 /* SceneDelegate.swift */ = {isa = PBXFileReference; lastKnownFileType = sourcecode.swift; path = SceneDelegate.swift; sourceTree = "<group>"; };
		6CD6CA19262771330099F063 /* Base */ = {isa = PBXFileReference; lastKnownFileType = file.storyboard; name = Base; path = Base.lproj/Main.storyboard; sourceTree = "<group>"; };
		6CD6CA1B262771350099F063 /* Assets.xcassets */ = {isa = PBXFileReference; lastKnownFileType = folder.assetcatalog; path = Assets.xcassets; sourceTree = "<group>"; };
		6CD6CA1E262771350099F063 /* Base */ = {isa = PBXFileReference; lastKnownFileType = file.storyboard; name = Base; path = Base.lproj/LaunchScreen.storyboard; sourceTree = "<group>"; };
		6CD6CA20262771350099F063 /* Info.plist */ = {isa = PBXFileReference; lastKnownFileType = text.plist.xml; path = Info.plist; sourceTree = "<group>"; };
		6CD6CA25262771350099F063 /* HeartRecordingTests.xctest */ = {isa = PBXFileReference; explicitFileType = wrapper.cfbundle; includeInIndex = 0; path = HeartRecordingTests.xctest; sourceTree = BUILT_PRODUCTS_DIR; };
		6CD6CA29262771350099F063 /* HeartRecordingTests.swift */ = {isa = PBXFileReference; lastKnownFileType = sourcecode.swift; path = HeartRecordingTests.swift; sourceTree = "<group>"; };
		6CD6CA2B262771350099F063 /* Info.plist */ = {isa = PBXFileReference; lastKnownFileType = text.plist.xml; path = Info.plist; sourceTree = "<group>"; };
		6CD6CA30262771350099F063 /* HeartRecordingUITests.xctest */ = {isa = PBXFileReference; explicitFileType = wrapper.cfbundle; includeInIndex = 0; path = HeartRecordingUITests.xctest; sourceTree = BUILT_PRODUCTS_DIR; };
		6CD6CA34262771350099F063 /* HeartRecordingUITests.swift */ = {isa = PBXFileReference; lastKnownFileType = sourcecode.swift; path = HeartRecordingUITests.swift; sourceTree = "<group>"; };
		6CD6CA36262771350099F063 /* Info.plist */ = {isa = PBXFileReference; lastKnownFileType = text.plist.xml; path = Info.plist; sourceTree = "<group>"; };
		B9BDCA6BEECE37628F1A116A /* Pods-HeartRecording.debug.xcconfig */ = {isa = PBXFileReference; includeInIndex = 1; lastKnownFileType = text.xcconfig; name = "Pods-HeartRecording.debug.xcconfig"; path = "Target Support Files/Pods-HeartRecording/Pods-HeartRecording.debug.xcconfig"; sourceTree = "<group>"; };
/* End PBXFileReference section */

/* Begin PBXFrameworksBuildPhase section */
		6CD6CA0C262771330099F063 /* Frameworks */ = {
			isa = PBXFrameworksBuildPhase;
			buildActionMask = 2147483647;
			files = (
				2AA03A87C31471ABCF75F182 /* Pods_HeartRecording.framework in Frameworks */,
			);
			runOnlyForDeploymentPostprocessing = 0;
		};
		6CD6CA22262771350099F063 /* Frameworks */ = {
			isa = PBXFrameworksBuildPhase;
			buildActionMask = 2147483647;
			files = (
			);
			runOnlyForDeploymentPostprocessing = 0;
		};
		6CD6CA2D262771350099F063 /* Frameworks */ = {
			isa = PBXFrameworksBuildPhase;
			buildActionMask = 2147483647;
			files = (
			);
			runOnlyForDeploymentPostprocessing = 0;
		};
/* End PBXFrameworksBuildPhase section */

/* Begin PBXGroup section */
		1825C87426285BB8001C0FB3 /* Global */ = {
			isa = PBXGroup;
			children = (
				1825C87526285BD1001C0FB3 /* AnaNavigationController.swift */,
				1825C89826285D32001C0FB3 /* AnaLargeTitleTableViewController.swift */,
				1825C89526285D32001C0FB3 /* AnaLargeTitleViewController.swift */,
				1825C89626285D32001C0FB3 /* AnaTabBar.swift */,
				1825C89726285D32001C0FB3 /* AnaTabBarController.swift */,
				1825C8AE26286E09001C0FB3 /* RippleAnimationView.swift */,
			);
			path = Global;
			sourceTree = "<group>";
		};
		1825C87A26285BE9001C0FB3 /* Extensions */ = {
			isa = PBXGroup;
			children = (
				1825C87E26285C05001C0FB3 /* UIColor+Addition.swift */,
				1825C87D26285C05001C0FB3 /* UIImage+Additon.swift */,
				1825C87C26285C05001C0FB3 /* UIView+Addition.swift */,
				1825C87B26285C05001C0FB3 /* UIViewController+Addition.swift */,
				1825C8EF2629D09B001C0FB3 /* String+Addition.swift */,
			);
			path = Extensions;
			sourceTree = "<group>";
		};
		1825C88626285C1C001C0FB3 /* Tools */ = {
			isa = PBXGroup;
			children = (
				1825C88726285C33001C0FB3 /* Iconfont.swift */,
				1825C8A0262860C0001C0FB3 /* FeedbackManager.swift */,
				1825C8BD2628DB90001C0FB3 /* RecordManager.swift */,
				1825C8E72629C0A8001C0FB3 /* PlayerManager.swift */,
				18D330AE2653900000DFFFFF /* NBSharedTool.swift */,
				18301022267E20DE006A54B0 /* EventManager.swift */,
				1825C8F4262D7D5A001C0FB3 /* Db */,
				1825C930262D970A001C0FB3 /* NotificationName.swift */,
				1825C949262DE756001C0FB3 /* Subscription */,
			);
			path = Tools;
			sourceTree = "<group>";
		};
		1825C88C26285C3A001C0FB3 /* Support Files */ = {
			isa = PBXGroup;
			children = (
				1825C91B262D8D49001C0FB3 /* Fonts */,
				1825C8DD2629BA67001C0FB3 /* HeartRecording-Bridging-Header.h */,
				1825C98D26304481001C0FB3 /* LSImage.png */,
			);
			path = "Support Files";
			sourceTree = "<group>";
		};
		1825C8A526286145001C0FB3 /* Record */ = {
			isa = PBXGroup;
			children = (
				1825C8A626286158001C0FB3 /* RecordViewController.swift */,
			);
			path = Record;
			sourceTree = "<group>";
		};
		1825C8C626299485001C0FB3 /* Detail */ = {
			isa = PBXGroup;
			children = (
				1825C8C7262994A1001C0FB3 /* DetailViewController.swift */,
				1825C941262DE452001C0FB3 /* NameEditAlert.swift */,
			);
			path = Detail;
			sourceTree = "<group>";
		};
		1825C8F4262D7D5A001C0FB3 /* Db */ = {
			isa = PBXGroup;
			children = (
				1825C8F5262D7D6C001C0FB3 /* DbManager.swift */,
				1825C908262D7EDD001C0FB3 /* DbRecordModel.swift */,
				18D330AC2653841300DFFFFF /* DbKicksModel.swift */,
			);
			path = Db;
			sourceTree = "<group>";
		};
		1825C910262D86CE001C0FB3 /* RecordingList */ = {
			isa = PBXGroup;
			children = (
				1825C911262D8758001C0FB3 /* RecordingListViewController.swift */,
				1825C916262D882B001C0FB3 /* RecordingTableViewCell.swift */,
			);
			path = RecordingList;
			sourceTree = "<group>";
		};
		1825C91B262D8D49001C0FB3 /* Fonts */ = {
			isa = PBXGroup;
			children = (
				1825C88D26285C5B001C0FB3 /* iconfont.ttf */,
				1825C8B32628D431001C0FB3 /* Poppins-Light.ttf */,
				1825C8B82628D9ED001C0FB3 /* Poppins-SemiBold.ttf */,
				1825C91C262D8D55001C0FB3 /* Inter-Regular.ttf */,
			);
			path = Fonts;
			sourceTree = "<group>";
		};
		1825C935262DA0E2001C0FB3 /* Setting */ = {
			isa = PBXGroup;
			children = (
				1825C936262DA106001C0FB3 /* SettingViewController.swift */,
				1825C93B262DA1BE001C0FB3 /* SettingItemView.swift */,
				1825C98526303E22001C0FB3 /* FavoriteViewController.swift */,
			);
			path = Setting;
			sourceTree = "<group>";
		};
		1825C949262DE756001C0FB3 /* Subscription */ = {
			isa = PBXGroup;
			children = (
				1825C94A262DE770001C0FB3 /* NBBasePopUpBox.swift */,
				1825C94B262DE770001C0FB3 /* NBInAppPurchaseProtocol.swift */,
				1825C94C262DE771001C0FB3 /* NBLoadingBox.swift */,
				1825C94D262DE771001C0FB3 /* NBNewStoreManager.swift */,
				1825C94E262DE771001C0FB3 /* NBUserVipStatusManager.swift */,
				1825C99526305532001C0FB3 /* BaseWebController.swift */,
				1825C975262DFAD5001C0FB3 /* Configuration.storekit */,
			);
			path = Subscription;
			sourceTree = "<group>";
		};
		1825C957262DE786001C0FB3 /* Subscription */ = {
			isa = PBXGroup;
			children = (
				1825C958262DE7AF001C0FB3 /* SubscriptionViewController.swift */,
			);
			path = Subscription;
			sourceTree = "<group>";
		};
		1840ACD926664A3E006CC5FE /* Guide */ = {
			isa = PBXGroup;
			children = (
				1840ACDA26664B07006CC5FE /* GuideViewController.swift */,
			);
			path = Guide;
			sourceTree = "<group>";
		};
		18D3309B26526E7A00DFFFFF /* Kick */ = {
			isa = PBXGroup;
			children = (
				18D3309C26526EB000DFFFFF /* KickCounterViewController.swift */,
				18D330AA26527C7F00DFFFFF /* AddKickCounterViewController.swift */,
			);
			path = Kick;
			sourceTree = "<group>";
		};
		3A6626D646AC353EC3BEE451 /* Pods */ = {
			isa = PBXGroup;
			children = (
				B9BDCA6BEECE37628F1A116A /* Pods-HeartRecording.debug.xcconfig */,
				4F0ADFA14A26D0B9EF8D696B /* Pods-HeartRecording.release.xcconfig */,
			);
			path = Pods;
			sourceTree = "<group>";
		};
		6CD6CA06262771330099F063 = {
			isa = PBXGroup;
			children = (
				6CD6CA11262771330099F063 /* HeartRecording */,
				6CD6CA28262771350099F063 /* HeartRecordingTests */,
				6CD6CA33262771350099F063 /* HeartRecordingUITests */,
				6CD6CA10262771330099F063 /* Products */,
				3A6626D646AC353EC3BEE451 /* Pods */,
				BD071EDCE7FC36497C819B75 /* Frameworks */,
			);
			sourceTree = "<group>";
		};
		6CD6CA10262771330099F063 /* Products */ = {
			isa = PBXGroup;
			children = (
				6CD6CA0F262771330099F063 /* HeartRecording.app */,
				6CD6CA25262771350099F063 /* HeartRecordingTests.xctest */,
				6CD6CA30262771350099F063 /* HeartRecordingUITests.xctest */,
			);
			name = Products;
			sourceTree = "<group>";
		};
		6CD6CA11262771330099F063 /* HeartRecording */ = {
			isa = PBXGroup;
			children = (
				6CD6CA12262771330099F063 /* AppDelegate.swift */,
				6CD6CA14262771330099F063 /* SceneDelegate.swift */,
				6CD6CA18262771330099F063 /* Main.storyboard */,
				6CD6CA1B262771350099F063 /* Assets.xcassets */,
				6CD6CA1D262771350099F063 /* LaunchScreen.storyboard */,
				6CD6CA20262771350099F063 /* Info.plist */,
				1825C87426285BB8001C0FB3 /* Global */,
				1840ACD926664A3E006CC5FE /* Guide */,
				1825C8A526286145001C0FB3 /* Record */,
				1825C8C626299485001C0FB3 /* Detail */,
				1825C910262D86CE001C0FB3 /* RecordingList */,
				18D3309B26526E7A00DFFFFF /* Kick */,
				1825C935262DA0E2001C0FB3 /* Setting */,
				1825C957262DE786001C0FB3 /* Subscription */,
				1825C87A26285BE9001C0FB3 /* Extensions */,
				1825C88626285C1C001C0FB3 /* Tools */,
				1825C88C26285C3A001C0FB3 /* Support Files */,
			);
			path = HeartRecording;
			sourceTree = "<group>";
		};
		6CD6CA28262771350099F063 /* HeartRecordingTests */ = {
			isa = PBXGroup;
			children = (
				6CD6CA29262771350099F063 /* HeartRecordingTests.swift */,
				6CD6CA2B262771350099F063 /* Info.plist */,
			);
			path = HeartRecordingTests;
			sourceTree = "<group>";
		};
		6CD6CA33262771350099F063 /* HeartRecordingUITests */ = {
			isa = PBXGroup;
			children = (
				6CD6CA34262771350099F063 /* HeartRecordingUITests.swift */,
				6CD6CA36262771350099F063 /* Info.plist */,
			);
			path = HeartRecordingUITests;
			sourceTree = "<group>";
		};
		BD071EDCE7FC36497C819B75 /* Frameworks */ = {
			isa = PBXGroup;
			children = (
				10A0A03456011A891D4C9651 /* Pods_HeartRecording.framework */,
			);
			name = Frameworks;
			sourceTree = "<group>";
		};
/* End PBXGroup section */

/* Begin PBXNativeTarget section */
		6CD6CA0E262771330099F063 /* HeartRecording */ = {
			isa = PBXNativeTarget;
			buildConfigurationList = 6CD6CA39262771350099F063 /* Build configuration list for PBXNativeTarget "HeartRecording" */;
			buildPhases = (
				DCD2ADDCBE547FC871091A0F /* [CP] Check Pods Manifest.lock */,
				6CD6CA0B262771330099F063 /* Sources */,
				6CD6CA0C262771330099F063 /* Frameworks */,
				6CD6CA0D262771330099F063 /* Resources */,
				2161842C100DA08FB261AD29 /* [CP] Embed Pods Frameworks */,
			);
			buildRules = (
			);
			dependencies = (
			);
			name = HeartRecording;
			productName = HeartRecording;
			productReference = 6CD6CA0F262771330099F063 /* HeartRecording.app */;
			productType = "com.apple.product-type.application";
		};
		6CD6CA24262771350099F063 /* HeartRecordingTests */ = {
			isa = PBXNativeTarget;
			buildConfigurationList = 6CD6CA3C262771350099F063 /* Build configuration list for PBXNativeTarget "HeartRecordingTests" */;
			buildPhases = (
				6CD6CA21262771350099F063 /* Sources */,
				6CD6CA22262771350099F063 /* Frameworks */,
				6CD6CA23262771350099F063 /* Resources */,
			);
			buildRules = (
			);
			dependencies = (
				6CD6CA27262771350099F063 /* PBXTargetDependency */,
			);
			name = HeartRecordingTests;
			productName = HeartRecordingTests;
			productReference = 6CD6CA25262771350099F063 /* HeartRecordingTests.xctest */;
			productType = "com.apple.product-type.bundle.unit-test";
		};
		6CD6CA2F262771350099F063 /* HeartRecordingUITests */ = {
			isa = PBXNativeTarget;
			buildConfigurationList = 6CD6CA3F262771350099F063 /* Build configuration list for PBXNativeTarget "HeartRecordingUITests" */;
			buildPhases = (
				6CD6CA2C262771350099F063 /* Sources */,
				6CD6CA2D262771350099F063 /* Frameworks */,
				6CD6CA2E262771350099F063 /* Resources */,
			);
			buildRules = (
			);
			dependencies = (
				6CD6CA32262771350099F063 /* PBXTargetDependency */,
			);
			name = HeartRecordingUITests;
			productName = HeartRecordingUITests;
			productReference = 6CD6CA30262771350099F063 /* HeartRecordingUITests.xctest */;
			productType = "com.apple.product-type.bundle.ui-testing";
		};
/* End PBXNativeTarget section */

/* Begin PBXProject section */
		6CD6CA07262771330099F063 /* Project object */ = {
			isa = PBXProject;
			attributes = {
				LastSwiftUpdateCheck = 1240;
				LastUpgradeCheck = 1240;
				TargetAttributes = {
					6CD6CA0E262771330099F063 = {
						CreatedOnToolsVersion = 12.4;
						LastSwiftMigration = 1240;
					};
					6CD6CA24262771350099F063 = {
						CreatedOnToolsVersion = 12.4;
						TestTargetID = 6CD6CA0E262771330099F063;
					};
					6CD6CA2F262771350099F063 = {
						CreatedOnToolsVersion = 12.4;
						TestTargetID = 6CD6CA0E262771330099F063;
					};
				};
			};
			buildConfigurationList = 6CD6CA0A262771330099F063 /* Build configuration list for PBXProject "HeartRecording" */;
			compatibilityVersion = "Xcode 9.3";
			developmentRegion = en;
			hasScannedForEncodings = 0;
			knownRegions = (
				en,
				Base,
			);
			mainGroup = 6CD6CA06262771330099F063;
			productRefGroup = 6CD6CA10262771330099F063 /* Products */;
			projectDirPath = "";
			projectRoot = "";
			targets = (
				6CD6CA0E262771330099F063 /* HeartRecording */,
				6CD6CA24262771350099F063 /* HeartRecordingTests */,
				6CD6CA2F262771350099F063 /* HeartRecordingUITests */,
			);
		};
/* End PBXProject section */

/* Begin PBXResourcesBuildPhase section */
		6CD6CA0D262771330099F063 /* Resources */ = {
			isa = PBXResourcesBuildPhase;
			buildActionMask = 2147483647;
			files = (
				1825C88E26285C5B001C0FB3 /* iconfont.ttf in Resources */,
				1825C976262DFAD5001C0FB3 /* Configuration.storekit in Resources */,
				1825C98E26304481001C0FB3 /* LSImage.png in Resources */,
				1825C8B42628D431001C0FB3 /* Poppins-Light.ttf in Resources */,
				6CD6CA1F262771350099F063 /* LaunchScreen.storyboard in Resources */,
				1825C8B92628D9ED001C0FB3 /* Poppins-SemiBold.ttf in Resources */,
				6CD6CA1C262771350099F063 /* Assets.xcassets in Resources */,
				6CD6CA1A262771330099F063 /* Main.storyboard in Resources */,
				1825C91D262D8D55001C0FB3 /* Inter-Regular.ttf in Resources */,
			);
			runOnlyForDeploymentPostprocessing = 0;
		};
		6CD6CA23262771350099F063 /* Resources */ = {
			isa = PBXResourcesBuildPhase;
			buildActionMask = 2147483647;
			files = (
			);
			runOnlyForDeploymentPostprocessing = 0;
		};
		6CD6CA2E262771350099F063 /* Resources */ = {
			isa = PBXResourcesBuildPhase;
			buildActionMask = 2147483647;
			files = (
			);
			runOnlyForDeploymentPostprocessing = 0;
		};
/* End PBXResourcesBuildPhase section */

/* Begin PBXShellScriptBuildPhase section */
		2161842C100DA08FB261AD29 /* [CP] Embed Pods Frameworks */ = {
			isa = PBXShellScriptBuildPhase;
			buildActionMask = 2147483647;
			files = (
			);
			inputFileListPaths = (
				"${PODS_ROOT}/Target Support Files/Pods-HeartRecording/Pods-HeartRecording-frameworks-${CONFIGURATION}-input-files.xcfilelist",
			);
			name = "[CP] Embed Pods Frameworks";
			outputFileListPaths = (
				"${PODS_ROOT}/Target Support Files/Pods-HeartRecording/Pods-HeartRecording-frameworks-${CONFIGURATION}-output-files.xcfilelist",
			);
			runOnlyForDeploymentPostprocessing = 0;
			shellPath = /bin/sh;
			shellScript = "\"${PODS_ROOT}/Target Support Files/Pods-HeartRecording/Pods-HeartRecording-frameworks.sh\"\n";
			showEnvVarsInLog = 0;
		};
		DCD2ADDCBE547FC871091A0F /* [CP] Check Pods Manifest.lock */ = {
			isa = PBXShellScriptBuildPhase;
			buildActionMask = 2147483647;
			files = (
			);
			inputFileListPaths = (
			);
			inputPaths = (
				"${PODS_PODFILE_DIR_PATH}/Podfile.lock",
				"${PODS_ROOT}/Manifest.lock",
			);
			name = "[CP] Check Pods Manifest.lock";
			outputFileListPaths = (
			);
			outputPaths = (
				"$(DERIVED_FILE_DIR)/Pods-HeartRecording-checkManifestLockResult.txt",
			);
			runOnlyForDeploymentPostprocessing = 0;
			shellPath = /bin/sh;
			shellScript = "diff \"${PODS_PODFILE_DIR_PATH}/Podfile.lock\" \"${PODS_ROOT}/Manifest.lock\" > /dev/null\nif [ $? != 0 ] ; then\n    # print error to STDERR\n    echo \"error: The sandbox is not in sync with the Podfile.lock. Run 'pod install' or update your CocoaPods installation.\" >&2\n    exit 1\nfi\n# This output is used by Xcode 'outputs' to avoid re-running this script phase.\necho \"SUCCESS\" > \"${SCRIPT_OUTPUT_FILE_0}\"\n";
			showEnvVarsInLog = 0;
		};
/* End PBXShellScriptBuildPhase section */

/* Begin PBXSourcesBuildPhase section */
		6CD6CA0B262771330099F063 /* Sources */ = {
			isa = PBXSourcesBuildPhase;
			buildActionMask = 2147483647;
			files = (
				1825C93C262DA1BE001C0FB3 /* SettingItemView.swift in Sources */,
				1825C89A26285D32001C0FB3 /* AnaTabBar.swift in Sources */,
				1825C931262D970A001C0FB3 /* NotificationName.swift in Sources */,
				1825C8C8262994A1001C0FB3 /* DetailViewController.swift in Sources */,
				1825C99626305532001C0FB3 /* BaseWebController.swift in Sources */,
				1825C950262DE771001C0FB3 /* NBInAppPurchaseProtocol.swift in Sources */,
				18D330AB26527C7F00DFFFFF /* AddKickCounterViewController.swift in Sources */,
				1825C89926285D32001C0FB3 /* AnaLargeTitleViewController.swift in Sources */,
				1825C8AF26286E09001C0FB3 /* RippleAnimationView.swift in Sources */,
				1825C87F26285C05001C0FB3 /* UIViewController+Addition.swift in Sources */,
				1825C909262D7EDD001C0FB3 /* DbRecordModel.swift in Sources */,
				1825C8A726286158001C0FB3 /* RecordViewController.swift in Sources */,
				1825C87626285BD1001C0FB3 /* AnaNavigationController.swift in Sources */,
				1825C8E82629C0A8001C0FB3 /* PlayerManager.swift in Sources */,
				1825C98626303E22001C0FB3 /* FavoriteViewController.swift in Sources */,
				1825C951262DE771001C0FB3 /* NBLoadingBox.swift in Sources */,
				1825C937262DA106001C0FB3 /* SettingViewController.swift in Sources */,
				1825C88026285C05001C0FB3 /* UIView+Addition.swift in Sources */,
				1825C8F02629D09B001C0FB3 /* String+Addition.swift in Sources */,
				18301023267E20DE006A54B0 /* EventManager.swift in Sources */,
				1825C88826285C33001C0FB3 /* Iconfont.swift in Sources */,
				1825C912262D8758001C0FB3 /* RecordingListViewController.swift in Sources */,
				1825C8BE2628DB90001C0FB3 /* RecordManager.swift in Sources */,
				1825C89B26285D32001C0FB3 /* AnaTabBarController.swift in Sources */,
				1825C953262DE771001C0FB3 /* NBUserVipStatusManager.swift in Sources */,
				18D3309D26526EB000DFFFFF /* KickCounterViewController.swift in Sources */,
				18D330AF2653900000DFFFFF /* NBSharedTool.swift in Sources */,
				1825C917262D882B001C0FB3 /* RecordingTableViewCell.swift in Sources */,
				1825C94F262DE771001C0FB3 /* NBBasePopUpBox.swift in Sources */,
				6CD6CA13262771330099F063 /* AppDelegate.swift in Sources */,
				1825C88226285C05001C0FB3 /* UIColor+Addition.swift in Sources */,
				18D330AD2653841300DFFFFF /* DbKicksModel.swift in Sources */,
				1825C8F6262D7D6C001C0FB3 /* DbManager.swift in Sources */,
				1825C89C26285D32001C0FB3 /* AnaLargeTitleTableViewController.swift in Sources */,
				1840ACDB26664B07006CC5FE /* GuideViewController.swift in Sources */,
				1825C959262DE7AF001C0FB3 /* SubscriptionViewController.swift in Sources */,
				6CD6CA15262771330099F063 /* SceneDelegate.swift in Sources */,
				1825C952262DE771001C0FB3 /* NBNewStoreManager.swift in Sources */,
				1825C88126285C05001C0FB3 /* UIImage+Additon.swift in Sources */,
				1825C942262DE452001C0FB3 /* NameEditAlert.swift in Sources */,
				1825C8A1262860C0001C0FB3 /* FeedbackManager.swift in Sources */,
			);
			runOnlyForDeploymentPostprocessing = 0;
		};
		6CD6CA21262771350099F063 /* Sources */ = {
			isa = PBXSourcesBuildPhase;
			buildActionMask = 2147483647;
			files = (
				6CD6CA2A262771350099F063 /* HeartRecordingTests.swift in Sources */,
			);
			runOnlyForDeploymentPostprocessing = 0;
		};
		6CD6CA2C262771350099F063 /* Sources */ = {
			isa = PBXSourcesBuildPhase;
			buildActionMask = 2147483647;
			files = (
				6CD6CA35262771350099F063 /* HeartRecordingUITests.swift in Sources */,
			);
			runOnlyForDeploymentPostprocessing = 0;
		};
/* End PBXSourcesBuildPhase section */

/* Begin PBXTargetDependency section */
		6CD6CA27262771350099F063 /* PBXTargetDependency */ = {
			isa = PBXTargetDependency;
			target = 6CD6CA0E262771330099F063 /* HeartRecording */;
			targetProxy = 6CD6CA26262771350099F063 /* PBXContainerItemProxy */;
		};
		6CD6CA32262771350099F063 /* PBXTargetDependency */ = {
			isa = PBXTargetDependency;
			target = 6CD6CA0E262771330099F063 /* HeartRecording */;
			targetProxy = 6CD6CA31262771350099F063 /* PBXContainerItemProxy */;
		};
/* End PBXTargetDependency section */

/* Begin PBXVariantGroup section */
		6CD6CA18262771330099F063 /* Main.storyboard */ = {
			isa = PBXVariantGroup;
			children = (
				6CD6CA19262771330099F063 /* Base */,
			);
			name = Main.storyboard;
			sourceTree = "<group>";
		};
		6CD6CA1D262771350099F063 /* LaunchScreen.storyboard */ = {
			isa = PBXVariantGroup;
			children = (
				6CD6CA1E262771350099F063 /* Base */,
			);
			name = LaunchScreen.storyboard;
			sourceTree = "<group>";
		};
/* End PBXVariantGroup section */

/* Begin XCBuildConfiguration section */
		6CD6CA37262771350099F063 /* Debug */ = {
			isa = XCBuildConfiguration;
			buildSettings = {
				ALWAYS_SEARCH_USER_PATHS = NO;
				CLANG_ANALYZER_NONNULL = YES;
				CLANG_ANALYZER_NUMBER_OBJECT_CONVERSION = YES_AGGRESSIVE;
				CLANG_CXX_LANGUAGE_STANDARD = "gnu++14";
				CLANG_CXX_LIBRARY = "libc++";
				CLANG_ENABLE_MODULES = YES;
				CLANG_ENABLE_OBJC_ARC = YES;
				CLANG_ENABLE_OBJC_WEAK = YES;
				CLANG_WARN_BLOCK_CAPTURE_AUTORELEASING = YES;
				CLANG_WARN_BOOL_CONVERSION = YES;
				CLANG_WARN_COMMA = YES;
				CLANG_WARN_CONSTANT_CONVERSION = YES;
				CLANG_WARN_DEPRECATED_OBJC_IMPLEMENTATIONS = YES;
				CLANG_WARN_DIRECT_OBJC_ISA_USAGE = YES_ERROR;
				CLANG_WARN_DOCUMENTATION_COMMENTS = YES;
				CLANG_WARN_EMPTY_BODY = YES;
				CLANG_WARN_ENUM_CONVERSION = YES;
				CLANG_WARN_INFINITE_RECURSION = YES;
				CLANG_WARN_INT_CONVERSION = YES;
				CLANG_WARN_NON_LITERAL_NULL_CONVERSION = YES;
				CLANG_WARN_OBJC_IMPLICIT_RETAIN_SELF = YES;
				CLANG_WARN_OBJC_LITERAL_CONVERSION = YES;
				CLANG_WARN_OBJC_ROOT_CLASS = YES_ERROR;
				CLANG_WARN_QUOTED_INCLUDE_IN_FRAMEWORK_HEADER = YES;
				CLANG_WARN_RANGE_LOOP_ANALYSIS = YES;
				CLANG_WARN_STRICT_PROTOTYPES = YES;
				CLANG_WARN_SUSPICIOUS_MOVE = YES;
				CLANG_WARN_UNGUARDED_AVAILABILITY = YES_AGGRESSIVE;
				CLANG_WARN_UNREACHABLE_CODE = YES;
				CLANG_WARN__DUPLICATE_METHOD_MATCH = YES;
				COPY_PHASE_STRIP = NO;
				DEBUG_INFORMATION_FORMAT = dwarf;
				ENABLE_STRICT_OBJC_MSGSEND = YES;
				ENABLE_TESTABILITY = YES;
				GCC_C_LANGUAGE_STANDARD = gnu11;
				GCC_DYNAMIC_NO_PIC = NO;
				GCC_NO_COMMON_BLOCKS = YES;
				GCC_OPTIMIZATION_LEVEL = 0;
				GCC_PREPROCESSOR_DEFINITIONS = (
					"DEBUG=1",
					"$(inherited)",
				);
				GCC_WARN_64_TO_32_BIT_CONVERSION = YES;
				GCC_WARN_ABOUT_RETURN_TYPE = YES_ERROR;
				GCC_WARN_UNDECLARED_SELECTOR = YES;
				GCC_WARN_UNINITIALIZED_AUTOS = YES_AGGRESSIVE;
				GCC_WARN_UNUSED_FUNCTION = YES;
				GCC_WARN_UNUSED_VARIABLE = YES;
				IPHONEOS_DEPLOYMENT_TARGET = 13.0;
				MTL_ENABLE_DEBUG_INFO = INCLUDE_SOURCE;
				MTL_FAST_MATH = YES;
				ONLY_ACTIVE_ARCH = YES;
				SDKROOT = iphoneos;
				SWIFT_ACTIVE_COMPILATION_CONDITIONS = DEBUG;
				SWIFT_OPTIMIZATION_LEVEL = "-Onone";
			};
			name = Debug;
		};
		6CD6CA38262771350099F063 /* Release */ = {
			isa = XCBuildConfiguration;
			buildSettings = {
				ALWAYS_SEARCH_USER_PATHS = NO;
				CLANG_ANALYZER_NONNULL = YES;
				CLANG_ANALYZER_NUMBER_OBJECT_CONVERSION = YES_AGGRESSIVE;
				CLANG_CXX_LANGUAGE_STANDARD = "gnu++14";
				CLANG_CXX_LIBRARY = "libc++";
				CLANG_ENABLE_MODULES = YES;
				CLANG_ENABLE_OBJC_ARC = YES;
				CLANG_ENABLE_OBJC_WEAK = YES;
				CLANG_WARN_BLOCK_CAPTURE_AUTORELEASING = YES;
				CLANG_WARN_BOOL_CONVERSION = YES;
				CLANG_WARN_COMMA = YES;
				CLANG_WARN_CONSTANT_CONVERSION = YES;
				CLANG_WARN_DEPRECATED_OBJC_IMPLEMENTATIONS = YES;
				CLANG_WARN_DIRECT_OBJC_ISA_USAGE = YES_ERROR;
				CLANG_WARN_DOCUMENTATION_COMMENTS = YES;
				CLANG_WARN_EMPTY_BODY = YES;
				CLANG_WARN_ENUM_CONVERSION = YES;
				CLANG_WARN_INFINITE_RECURSION = YES;
				CLANG_WARN_INT_CONVERSION = YES;
				CLANG_WARN_NON_LITERAL_NULL_CONVERSION = YES;
				CLANG_WARN_OBJC_IMPLICIT_RETAIN_SELF = YES;
				CLANG_WARN_OBJC_LITERAL_CONVERSION = YES;
				CLANG_WARN_OBJC_ROOT_CLASS = YES_ERROR;
				CLANG_WARN_QUOTED_INCLUDE_IN_FRAMEWORK_HEADER = YES;
				CLANG_WARN_RANGE_LOOP_ANALYSIS = YES;
				CLANG_WARN_STRICT_PROTOTYPES = YES;
				CLANG_WARN_SUSPICIOUS_MOVE = YES;
				CLANG_WARN_UNGUARDED_AVAILABILITY = YES_AGGRESSIVE;
				CLANG_WARN_UNREACHABLE_CODE = YES;
				CLANG_WARN__DUPLICATE_METHOD_MATCH = YES;
				COPY_PHASE_STRIP = NO;
				DEBUG_INFORMATION_FORMAT = "dwarf-with-dsym";
				ENABLE_NS_ASSERTIONS = NO;
				ENABLE_STRICT_OBJC_MSGSEND = YES;
				GCC_C_LANGUAGE_STANDARD = gnu11;
				GCC_NO_COMMON_BLOCKS = YES;
				GCC_WARN_64_TO_32_BIT_CONVERSION = YES;
				GCC_WARN_ABOUT_RETURN_TYPE = YES_ERROR;
				GCC_WARN_UNDECLARED_SELECTOR = YES;
				GCC_WARN_UNINITIALIZED_AUTOS = YES_AGGRESSIVE;
				GCC_WARN_UNUSED_FUNCTION = YES;
				GCC_WARN_UNUSED_VARIABLE = YES;
				IPHONEOS_DEPLOYMENT_TARGET = 13.0;
				MTL_ENABLE_DEBUG_INFO = NO;
				MTL_FAST_MATH = YES;
				SDKROOT = iphoneos;
				SWIFT_COMPILATION_MODE = wholemodule;
				SWIFT_OPTIMIZATION_LEVEL = "-O";
				VALIDATE_PRODUCT = YES;
			};
			name = Release;
		};
		6CD6CA3A262771350099F063 /* Debug */ = {
			isa = XCBuildConfiguration;
			baseConfigurationReference = B9BDCA6BEECE37628F1A116A /* Pods-HeartRecording.debug.xcconfig */;
			buildSettings = {
				ASSETCATALOG_COMPILER_APPICON_NAME = AppIcon;
				ASSETCATALOG_COMPILER_GLOBAL_ACCENT_COLOR_NAME = AccentColor;
				CLANG_ENABLE_MODULES = YES;
				CODE_SIGN_STYLE = Automatic;
				CURRENT_PROJECT_VERSION = 10;
				DEVELOPMENT_TEAM = 98F99FS382;
				INFOPLIST_FILE = HeartRecording/Info.plist;
				LD_RUNPATH_SEARCH_PATHS = (
					"$(inherited)",
					"@executable_path/Frameworks",
				);
				MARKETING_VERSION = 1.0.5;
				PRODUCT_BUNDLE_IDENTIFIER = com.heartbeat.angle;
				PRODUCT_NAME = "$(TARGET_NAME)";
				SWIFT_OBJC_BRIDGING_HEADER = "HeartRecording/Support Files/HeartRecording-Bridging-Header.h";
				SWIFT_OPTIMIZATION_LEVEL = "-Onone";
				SWIFT_VERSION = 5.0;
				TARGETED_DEVICE_FAMILY = "1,2";
			};
			name = Debug;
		};
		6CD6CA3B262771350099F063 /* Release */ = {
			isa = XCBuildConfiguration;
			baseConfigurationReference = 4F0ADFA14A26D0B9EF8D696B /* Pods-HeartRecording.release.xcconfig */;
			buildSettings = {
				ASSETCATALOG_COMPILER_APPICON_NAME = AppIcon;
				ASSETCATALOG_COMPILER_GLOBAL_ACCENT_COLOR_NAME = AccentColor;
				CLANG_ENABLE_MODULES = YES;
				CODE_SIGN_STYLE = Automatic;
				CURRENT_PROJECT_VERSION = 10;
				DEVELOPMENT_TEAM = 98F99FS382;
				INFOPLIST_FILE = HeartRecording/Info.plist;
				LD_RUNPATH_SEARCH_PATHS = (
					"$(inherited)",
					"@executable_path/Frameworks",
				);
				MARKETING_VERSION = 1.0.5;
				PRODUCT_BUNDLE_IDENTIFIER = com.heartbeat.angle;
				PRODUCT_NAME = "$(TARGET_NAME)";
				SWIFT_OBJC_BRIDGING_HEADER = "HeartRecording/Support Files/HeartRecording-Bridging-Header.h";
				SWIFT_VERSION = 5.0;
				TARGETED_DEVICE_FAMILY = "1,2";
			};
			name = Release;
		};
		6CD6CA3D262771350099F063 /* Debug */ = {
			isa = XCBuildConfiguration;
			buildSettings = {
				ALWAYS_EMBED_SWIFT_STANDARD_LIBRARIES = YES;
				BUNDLE_LOADER = "$(TEST_HOST)";
				CODE_SIGN_STYLE = Automatic;
				INFOPLIST_FILE = HeartRecordingTests/Info.plist;
				IPHONEOS_DEPLOYMENT_TARGET = 14.4;
				LD_RUNPATH_SEARCH_PATHS = (
					"$(inherited)",
					"@executable_path/Frameworks",
					"@loader_path/Frameworks",
				);
				PRODUCT_BUNDLE_IDENTIFIER = pubjoy.HeartRecordingTests;
				PRODUCT_NAME = "$(TARGET_NAME)";
				SWIFT_VERSION = 5.0;
				TARGETED_DEVICE_FAMILY = "1,2";
				TEST_HOST = "$(BUILT_PRODUCTS_DIR)/HeartRecording.app/HeartRecording";
			};
			name = Debug;
		};
		6CD6CA3E262771350099F063 /* Release */ = {
			isa = XCBuildConfiguration;
			buildSettings = {
				ALWAYS_EMBED_SWIFT_STANDARD_LIBRARIES = YES;
				BUNDLE_LOADER = "$(TEST_HOST)";
				CODE_SIGN_STYLE = Automatic;
				INFOPLIST_FILE = HeartRecordingTests/Info.plist;
				IPHONEOS_DEPLOYMENT_TARGET = 14.4;
				LD_RUNPATH_SEARCH_PATHS = (
					"$(inherited)",
					"@executable_path/Frameworks",
					"@loader_path/Frameworks",
				);
				PRODUCT_BUNDLE_IDENTIFIER = pubjoy.HeartRecordingTests;
				PRODUCT_NAME = "$(TARGET_NAME)";
				SWIFT_VERSION = 5.0;
				TARGETED_DEVICE_FAMILY = "1,2";
				TEST_HOST = "$(BUILT_PRODUCTS_DIR)/HeartRecording.app/HeartRecording";
			};
			name = Release;
		};
		6CD6CA40262771350099F063 /* Debug */ = {
			isa = XCBuildConfiguration;
			buildSettings = {
				ALWAYS_EMBED_SWIFT_STANDARD_LIBRARIES = YES;
				CODE_SIGN_STYLE = Automatic;
				INFOPLIST_FILE = HeartRecordingUITests/Info.plist;
				LD_RUNPATH_SEARCH_PATHS = (
					"$(inherited)",
					"@executable_path/Frameworks",
					"@loader_path/Frameworks",
				);
				PRODUCT_BUNDLE_IDENTIFIER = pubjoy.HeartRecordingUITests;
				PRODUCT_NAME = "$(TARGET_NAME)";
				SWIFT_VERSION = 5.0;
				TARGETED_DEVICE_FAMILY = "1,2";
				TEST_TARGET_NAME = HeartRecording;
			};
			name = Debug;
		};
		6CD6CA41262771350099F063 /* Release */ = {
			isa = XCBuildConfiguration;
			buildSettings = {
				ALWAYS_EMBED_SWIFT_STANDARD_LIBRARIES = YES;
				CODE_SIGN_STYLE = Automatic;
				INFOPLIST_FILE = HeartRecordingUITests/Info.plist;
				LD_RUNPATH_SEARCH_PATHS = (
					"$(inherited)",
					"@executable_path/Frameworks",
					"@loader_path/Frameworks",
				);
				PRODUCT_BUNDLE_IDENTIFIER = pubjoy.HeartRecordingUITests;
				PRODUCT_NAME = "$(TARGET_NAME)";
				SWIFT_VERSION = 5.0;
				TARGETED_DEVICE_FAMILY = "1,2";
				TEST_TARGET_NAME = HeartRecording;
			};
			name = Release;
		};
/* End XCBuildConfiguration section */

/* Begin XCConfigurationList section */
		6CD6CA0A262771330099F063 /* Build configuration list for PBXProject "HeartRecording" */ = {
			isa = XCConfigurationList;
			buildConfigurations = (
				6CD6CA37262771350099F063 /* Debug */,
				6CD6CA38262771350099F063 /* Release */,
			);
			defaultConfigurationIsVisible = 0;
			defaultConfigurationName = Release;
		};
		6CD6CA39262771350099F063 /* Build configuration list for PBXNativeTarget "HeartRecording" */ = {
			isa = XCConfigurationList;
			buildConfigurations = (
				6CD6CA3A262771350099F063 /* Debug */,
				6CD6CA3B262771350099F063 /* Release */,
			);
			defaultConfigurationIsVisible = 0;
			defaultConfigurationName = Release;
		};
		6CD6CA3C262771350099F063 /* Build configuration list for PBXNativeTarget "HeartRecordingTests" */ = {
			isa = XCConfigurationList;
			buildConfigurations = (
				6CD6CA3D262771350099F063 /* Debug */,
				6CD6CA3E262771350099F063 /* Release */,
			);
			defaultConfigurationIsVisible = 0;
			defaultConfigurationName = Release;
		};
		6CD6CA3F262771350099F063 /* Build configuration list for PBXNativeTarget "HeartRecordingUITests" */ = {
			isa = XCConfigurationList;
			buildConfigurations = (
				6CD6CA40262771350099F063 /* Debug */,
				6CD6CA41262771350099F063 /* Release */,
			);
			defaultConfigurationIsVisible = 0;
			defaultConfigurationName = Release;
		};
/* End XCConfigurationList section */
	};
	rootObject = 6CD6CA07262771330099F063 /* Project object */;
}
